
Microsoft Visual Studio Solution File, Format Version 12.00
# Visual Studio Version 17
VisualStudioVersion = 17.7.34024.191
MinimumVisualStudioVersion = 10.0.40219.1
Project("{FAE04EC0-301F-11D3-BF4B-00C04F79EFBC}") = "addition", "addition\addition.csproj", "{A9F0159F-30BF-43BC-B634-42408AEEA86E}"
EndProject
Global
	GlobalSection(SolutionConfigurationPlatforms) = preSolution
		Debug|Any CPU = Debug|Any CPU
		Release|Any CPU = Release|Any CPU
	EndGlobalSection
	GlobalSection(ProjectConfigurationPlatforms) = postSolution
		{A9F0159F-30BF-43BC-B634-42408AEEA86E}.Debug|Any CPU.ActiveCfg = Debug|Any CPU
		{A9F0159F-30BF-43BC-B634-42408AEEA86E}.Debug|Any CPU.Build.0 = Debug|Any CPU
		{A9F0159F-30BF-43BC-B634-42408AEEA86E}.Release|Any CPU.ActiveCfg = Release|Any CPU
		{A9F0159F-30BF-43BC-B634-42408AEEA86E}.Release|Any CPU.Build.0 = Release|Any CPU
	EndGlobalSection
	GlobalSection(SolutionProperties) = preSolution
		HideSolutionNode = FALSE
	EndGlobalSection
	GlobalSection(ExtensibilityGlobals) = postSolution
		SolutionGuid = {4063F84C-9DA2-4F6E-89BC-60D361404485}
	EndGlobalSection
EndGlobal
